
Microsoft Visual Studio Solution File, Format Version 12.00
# Visual Studio Version 16
VisualStudioVersion = 16.0.33529.622
MinimumVisualStudioVersion = 10.0.40219.1
Project("{FAE04EC0-301F-11D3-BF4B-00C04F79EFBC}") = "ISFCprotopype", "ISFCprotopype\ISFCprotopype.csproj", "{03D55DD0-8A0E-4472-8A43-0AAD2F6E6F29}"
EndProject
Global
	GlobalSection(SolutionConfigurationPlatforms) = preSolution
		Debug|Any CPU = Debug|Any CPU
		Release|Any CPU = Release|Any CPU
	EndGlobalSection
	GlobalSection(ProjectConfigurationPlatforms) = postSolution
		{03D55DD0-8A0E-4472-8A43-0AAD2F6E6F29}.Debug|Any CPU.ActiveCfg = Debug|Any CPU
		{03D55DD0-8A0E-4472-8A43-0AAD2F6E6F29}.Debug|Any CPU.Build.0 = Debug|Any CPU
		{03D55DD0-8A0E-4472-8A43-0AAD2F6E6F29}.Release|Any CPU.ActiveCfg = Release|Any CPU
		{03D55DD0-8A0E-4472-8A43-0AAD2F6E6F29}.Release|Any CPU.Build.0 = Release|Any CPU
	EndGlobalSection
	GlobalSection(SolutionProperties) = preSolution
		HideSolutionNode = FALSE
	EndGlobalSection
	GlobalSection(ExtensibilityGlobals) = postSolution
		SolutionGuid = {94743E42-A333-4BD7-9159-22649CCAA3ED}
	EndGlobalSection
EndGlobal
